
Microsoft Visual Studio Solution File, Format Version 12.00
# Visual Studio 15
VisualStudioVersion = 15.0.27004.2005
MinimumVisualStudioVersion = 10.0.40219.1
Project("{FAE04EC0-301F-11D3-BF4B-00C04F79EFBC}") = "DelegatyDz", "DelegatyDz\DelegatyDz.csproj", "{526B82A4-4E31-4C12-A4CA-5E8460AB54A4}"
EndProject
Project("{FAE04EC0-301F-11D3-BF4B-00C04F79EFBC}") = "Game", "Game\Game.csproj", "{C30E0530-C0F6-42D4-BDEE-D5D8886B000F}"
EndProject
Global
	GlobalSection(SolutionConfigurationPlatforms) = preSolution
		Debug|Any CPU = Debug|Any CPU
		Release|Any CPU = Release|Any CPU
	EndGlobalSection
	GlobalSection(ProjectConfigurationPlatforms) = postSolution
		{526B82A4-4E31-4C12-A4CA-5E8460AB54A4}.Debug|Any CPU.ActiveCfg = Debug|Any CPU
		{526B82A4-4E31-4C12-A4CA-5E8460AB54A4}.Debug|Any CPU.Build.0 = Debug|Any CPU
		{526B82A4-4E31-4C12-A4CA-5E8460AB54A4}.Release|Any CPU.ActiveCfg = Release|Any CPU
		{526B82A4-4E31-4C12-A4CA-5E8460AB54A4}.Release|Any CPU.Build.0 = Release|Any CPU
		{C30E0530-C0F6-42D4-BDEE-D5D8886B000F}.Debug|Any CPU.ActiveCfg = Debug|Any CPU
		{C30E0530-C0F6-42D4-BDEE-D5D8886B000F}.Debug|Any CPU.Build.0 = Debug|Any CPU
		{C30E0530-C0F6-42D4-BDEE-D5D8886B000F}.Release|Any CPU.ActiveCfg = Release|Any CPU
		{C30E0530-C0F6-42D4-BDEE-D5D8886B000F}.Release|Any CPU.Build.0 = Release|Any CPU
	EndGlobalSection
	GlobalSection(SolutionProperties) = preSolution
		HideSolutionNode = FALSE
	EndGlobalSection
	GlobalSection(ExtensibilityGlobals) = postSolution
		SolutionGuid = {DCFFE053-3AC9-4613-B3DD-B241D788D5B5}
	EndGlobalSection
EndGlobal
